
Microsoft Visual Studio Solution File, Format Version 12.00
# Visual Studio Version 17
VisualStudioVersion = 17.8.34316.72
MinimumVisualStudioVersion = 10.0.40219.1
Project("{9A19103F-16F7-4668-BE54-9A1E7A4F7556}") = "ChatApp.API", "ChatApp.API.csproj", "{29EDC47E-AF90-4709-BE96-9E4841E0EA67}"
EndProject
Project("{9A19103F-16F7-4668-BE54-9A1E7A4F7556}") = "ChatApp.DataAccess", "..\ChatApp.DataAccess\ChatApp.DataAccess.csproj", "{7D04986B-2C60-4DCB-A078-482F06981B28}"
EndProject
Project("{9A19103F-16F7-4668-BE54-9A1E7A4F7556}") = "ChatApp.BusinessLogic", "..\ChatApp.BusinessLogic\ChatApp.BusinessLogic.csproj", "{731CA694-20D2-491B-A25E-C18FAF9489FE}"
EndProject
Project("{9A19103F-16F7-4668-BE54-9A1E7A4F7556}") = "ChatApp.Shared", "..\ChatApp.Shared\ChatApp.Shared.csproj", "{51BA45F7-6379-4BE5-83D3-B7D4F0015915}"
EndProject
Project("{9A19103F-16F7-4668-BE54-9A1E7A4F7556}") = "ChatApp.Client.Desktop", "..\ChatpApp.Client.Desktop\ChatApp.Client.Desktop.csproj", "{C7BF5DDF-C3D4-45B4-B213-B4CE2891DAE8}"
EndProject
Project("{9A19103F-16F7-4668-BE54-9A1E7A4F7556}") = "ChatApp.Client.WebApp", "..\ChatApp.Client.WebApp\ChatApp.Client.WebApp.csproj", "{D88EC303-168B-4EAC-9E52-701EEDB9FE3A}"
EndProject
Project("{FAE04EC0-301F-11D3-BF4B-00C04F79EFBC}") = "ChatApp.Tests", "..\ChatApp.Tests\ChatApp.Tests.csproj", "{EA9F3AD9-0B37-48EC-8B5C-7E2FD97DD4A4}"
EndProject
Project("{FAE04EC0-301F-11D3-BF4B-00C04F79EFBC}") = "ChatApp.LoadTests", "..\ChatApp.LoadTests\ChatApp.LoadTests.csproj", "{836330AF-0237-4CD8-BB83-6960FDF8C235}"
EndProject
Global
	GlobalSection(SolutionConfigurationPlatforms) = preSolution
		Debug|Any CPU = Debug|Any CPU
		Release|Any CPU = Release|Any CPU
	EndGlobalSection
	GlobalSection(ProjectConfigurationPlatforms) = postSolution
		{29EDC47E-AF90-4709-BE96-9E4841E0EA67}.Debug|Any CPU.ActiveCfg = Debug|Any CPU
		{29EDC47E-AF90-4709-BE96-9E4841E0EA67}.Debug|Any CPU.Build.0 = Debug|Any CPU
		{29EDC47E-AF90-4709-BE96-9E4841E0EA67}.Release|Any CPU.ActiveCfg = Release|Any CPU
		{29EDC47E-AF90-4709-BE96-9E4841E0EA67}.Release|Any CPU.Build.0 = Release|Any CPU
		{7D04986B-2C60-4DCB-A078-482F06981B28}.Debug|Any CPU.ActiveCfg = Debug|Any CPU
		{7D04986B-2C60-4DCB-A078-482F06981B28}.Debug|Any CPU.Build.0 = Debug|Any CPU
		{7D04986B-2C60-4DCB-A078-482F06981B28}.Release|Any CPU.ActiveCfg = Release|Any CPU
		{7D04986B-2C60-4DCB-A078-482F06981B28}.Release|Any CPU.Build.0 = Release|Any CPU
		{731CA694-20D2-491B-A25E-C18FAF9489FE}.Debug|Any CPU.ActiveCfg = Debug|Any CPU
		{731CA694-20D2-491B-A25E-C18FAF9489FE}.Debug|Any CPU.Build.0 = Debug|Any CPU
		{731CA694-20D2-491B-A25E-C18FAF9489FE}.Release|Any CPU.ActiveCfg = Release|Any CPU
		{731CA694-20D2-491B-A25E-C18FAF9489FE}.Release|Any CPU.Build.0 = Release|Any CPU
		{51BA45F7-6379-4BE5-83D3-B7D4F0015915}.Debug|Any CPU.ActiveCfg = Debug|Any CPU
		{51BA45F7-6379-4BE5-83D3-B7D4F0015915}.Debug|Any CPU.Build.0 = Debug|Any CPU
		{51BA45F7-6379-4BE5-83D3-B7D4F0015915}.Release|Any CPU.ActiveCfg = Release|Any CPU
		{51BA45F7-6379-4BE5-83D3-B7D4F0015915}.Release|Any CPU.Build.0 = Release|Any CPU
		{C7BF5DDF-C3D4-45B4-B213-B4CE2891DAE8}.Debug|Any CPU.ActiveCfg = Debug|Any CPU
		{C7BF5DDF-C3D4-45B4-B213-B4CE2891DAE8}.Debug|Any CPU.Build.0 = Debug|Any CPU
		{C7BF5DDF-C3D4-45B4-B213-B4CE2891DAE8}.Release|Any CPU.ActiveCfg = Release|Any CPU
		{C7BF5DDF-C3D4-45B4-B213-B4CE2891DAE8}.Release|Any CPU.Build.0 = Release|Any CPU
		{D88EC303-168B-4EAC-9E52-701EEDB9FE3A}.Debug|Any CPU.ActiveCfg = Debug|Any CPU
		{D88EC303-168B-4EAC-9E52-701EEDB9FE3A}.Debug|Any CPU.Build.0 = Debug|Any CPU
		{D88EC303-168B-4EAC-9E52-701EEDB9FE3A}.Release|Any CPU.ActiveCfg = Release|Any CPU
		{D88EC303-168B-4EAC-9E52-701EEDB9FE3A}.Release|Any CPU.Build.0 = Release|Any CPU
		{EA9F3AD9-0B37-48EC-8B5C-7E2FD97DD4A4}.Debug|Any CPU.ActiveCfg = Debug|Any CPU
		{EA9F3AD9-0B37-48EC-8B5C-7E2FD97DD4A4}.Debug|Any CPU.Build.0 = Debug|Any CPU
		{EA9F3AD9-0B37-48EC-8B5C-7E2FD97DD4A4}.Release|Any CPU.ActiveCfg = Release|Any CPU
		{EA9F3AD9-0B37-48EC-8B5C-7E2FD97DD4A4}.Release|Any CPU.Build.0 = Release|Any CPU
		{836330AF-0237-4CD8-BB83-6960FDF8C235}.Debug|Any CPU.ActiveCfg = Debug|Any CPU
		{836330AF-0237-4CD8-BB83-6960FDF8C235}.Debug|Any CPU.Build.0 = Debug|Any CPU
		{836330AF-0237-4CD8-BB83-6960FDF8C235}.Release|Any CPU.ActiveCfg = Release|Any CPU
		{836330AF-0237-4CD8-BB83-6960FDF8C235}.Release|Any CPU.Build.0 = Release|Any CPU
	EndGlobalSection
	GlobalSection(SolutionProperties) = preSolution
		HideSolutionNode = FALSE
	EndGlobalSection
	GlobalSection(ExtensibilityGlobals) = postSolution
		SolutionGuid = {9CDD0597-3EB9-4D64-9328-0666FD40EABC}
	EndGlobalSection
EndGlobal
